# This file is automatically @generated by Cargo.
# It is not intended for manual editing.
version = 4

[[package]]
name = "ada-a1-neon"
version = "0.1.0"
dependencies = [
 "ada-core",
]

[[package]]
name = "ada-a10-evidence-schema"
version = "0.1.0"
dependencies = [
 "ada-core",
 "ada-workload",
]

[[package]]
name = "ada-a11-semantic-oracle"
version = "0.1.0"
dependencies = [
 "ada-core",
 "ada-workload",
]

[[package]]
name = "ada-a2-k-first-v-late"
version = "0.1.0"
dependencies = [
 "ada-a4-entmax-bnb",
 "ada-a4-qk-box",
 "ada-a5-hierarchical-bounds",
]

[[package]]
name = "ada-a2-real-v-trace"
version = "0.1.0"
dependencies = [
 "ada-a4-entmax-bnb",
 "ada-a4-qk-box",
 "ada-a5-hierarchical-bounds",
 "ada-a5-real-qk-trace",
]

[[package]]
name = "ada-a3-certified-softmax"
version = "0.1.0"
dependencies = [
 "ada-core",
]

[[package]]
name = "ada-a4-entmax-bnb"
version = "0.1.0"

[[package]]
name = "ada-a4-qk-box"
version = "0.1.0"
dependencies = [
 "ada-a4-entmax-bnb",
]

[[package]]
name = "ada-a5-content-aware-bounds"
version = "0.1.0"
dependencies = [
 "ada-a4-entmax-bnb",
 "ada-a4-qk-box",
 "ada-a5-hierarchical-bounds",
 "ada-core",
]

[[package]]
name = "ada-a5-hierarchical-bounds"
version = "0.1.0"
dependencies = [
 "ada-a4-entmax-bnb",
 "ada-a4-qk-box",
 "ada-core",
]

[[package]]
name = "ada-a5-real-qk-trace"
version = "0.1.0"
dependencies = [
 "ada-a2-k-first-v-late",
 "ada-a4-entmax-bnb",
 "ada-a4-qk-box",
 "ada-a5-content-aware-bounds",
 "ada-a5-hierarchical-bounds",
]

[[package]]
name = "ada-a6-tau-solvers"
version = "0.1.0"
dependencies = [
 "ada-a4-entmax-bnb",
]

[[package]]
name = "ada-a7-composable-entmax"
version = "0.1.0"
dependencies = [
 "ada-a4-entmax-bnb",
]

[[package]]
name = "ada-a9-dispatch"
version = "0.1.0"
dependencies = [
 "ada-a4-entmax-bnb",
 "ada-a4-qk-box",
 "ada-a5-content-aware-bounds",
 "ada-a5-hierarchical-bounds",
 "ada-a5-real-qk-trace",
 "ada-a9-plan-selector",
 "ada-core",
]

[[package]]
name = "ada-a9-plan-selector"
version = "0.1.0"
dependencies = [
 "ada-core",
]

[[package]]
name = "ada-cegis"
version = "0.1.0"
dependencies = [
 "ada-core",
 "ada-search",
 "ada-semantic",
]

[[package]]
name = "ada-core"
version = "0.1.0"

[[package]]
name = "ada-cost-model"
version = "0.1.0"
dependencies = [
 "ada-core",
 "ada-implementation",
 "ada-objective",
 "ada-workload",
]

[[package]]
name = "ada-implementation"
version = "0.1.0"
dependencies = [
 "ada-core",
]

[[package]]
name = "ada-ir"
version = "0.1.0"

[[package]]
name = "ada-objective"
version = "0.1.0"

[[package]]
name = "ada-oracle"
version = "0.1.0"
dependencies = [
 "ada-a1-neon",
 "ada-core",
]

[[package]]
name = "ada-runner"
version = "0.1.0"
dependencies = [
 "ada-core",
 "ada-oracle",
]

[[package]]
name = "ada-search"
version = "0.1.0"
dependencies = [
 "ada-core",
 "ada-ir",
 "ada-semantic",
]

[[package]]
name = "ada-semantic"
version = "0.1.0"
dependencies = [
 "ada-core",
 "ada-workload",
]

[[package]]
name = "ada-workload"
version = "0.1.0"
dependencies = [
 "ada-core",
]
