# This file is automatically @generated by Cargo.
# It is not intended for manual editing.
version = 4

[[package]]
name = "ada-core"
version = "0.1.0"

[[package]]
name = "ada-oracle"
version = "0.1.0"
dependencies = [
 "ada-core",
]

[[package]]
name = "ada-runner"
version = "0.1.0"
dependencies = [
 "ada-core",
 "ada-oracle",
]
