# This file is automatically @generated by Cargo.
# It is not intended for manual editing.
version = 4

[[package]]
name = "ada-a2-k-first-v-late"
version = "0.1.0"
dependencies = [
 "ada-a4-entmax-bnb",
 "ada-a4-qk-box",
 "ada-a5-hierarchical-bounds",
]

[[package]]
name = "ada-a4-entmax-bnb"
version = "0.1.0"

[[package]]
name = "ada-a4-qk-box"
version = "0.1.0"
dependencies = [
 "ada-a4-entmax-bnb",
]

[[package]]
name = "ada-a5-content-aware-bounds"
version = "0.1.0"
dependencies = [
 "ada-a4-entmax-bnb",
 "ada-a4-qk-box",
 "ada-a5-hierarchical-bounds",
]

[[package]]
name = "ada-a5-hierarchical-bounds"
version = "0.1.0"
dependencies = [
 "ada-a4-entmax-bnb",
 "ada-a4-qk-box",
]

[[package]]
name = "ada-a5-real-qk-trace"
version = "0.1.0"
dependencies = [
 "ada-a2-k-first-v-late",
 "ada-a4-entmax-bnb",
 "ada-a4-qk-box",
 "ada-a5-content-aware-bounds",
 "ada-a5-hierarchical-bounds",
]

[[package]]
name = "ada-core"
version = "0.1.0"

[[package]]
name = "ada-oracle"
version = "0.1.0"
dependencies = [
 "ada-core",
]

[[package]]
name = "ada-runner"
version = "0.1.0"
dependencies = [
 "ada-core",
 "ada-oracle",
]
